
Microsoft Visual Studio Solution File, Format Version 12.00
# Visual Studio Version 17
VisualStudioVersion = 17.1.32210.238
MinimumVisualStudioVersion = 10.0.40219.1
Project("{FAE04EC0-301F-11D3-BF4B-00C04F79EFBC}") = "NZWalks.API", "NZWalks.API\NZWalks.API.csproj", "{D7FFFAB8-483E-479E-9254-E01585B34A6E}"
EndProject
Global
	GlobalSection(SolutionConfigurationPlatforms) = preSolution
		Debug|Any CPU = Debug|Any CPU
		Release|Any CPU = Release|Any CPU
	EndGlobalSection
	GlobalSection(ProjectConfigurationPlatforms) = postSolution
		{D7FFFAB8-483E-479E-9254-E01585B34A6E}.Debug|Any CPU.ActiveCfg = Debug|Any CPU
		{D7FFFAB8-483E-479E-9254-E01585B34A6E}.Debug|Any CPU.Build.0 = Debug|Any CPU
		{D7FFFAB8-483E-479E-9254-E01585B34A6E}.Release|Any CPU.ActiveCfg = Release|Any CPU
		{D7FFFAB8-483E-479E-9254-E01585B34A6E}.Release|Any CPU.Build.0 = Release|Any CPU
	EndGlobalSection
	GlobalSection(SolutionProperties) = preSolution
		HideSolutionNode = FALSE
	EndGlobalSection
	GlobalSection(ExtensibilityGlobals) = postSolution
		SolutionGuid = {17AD2974-FC47-4082-965F-E66511B5F2CD}
	EndGlobalSection
EndGlobal
